
Microsoft Visual Studio Solution File, Format Version 12.00
# Visual Studio 2012
Project("{8BC9CEB8-8B4A-11D0-8D11-00A0C91BC942}") = "软件技术作业·改（计算器）", "软件技术作业·改（计算器）\软件技术作业·改（计算器）.vcxproj", "{7321C5FC-2A1E-43FE-9CF7-A1434E161FC9}"
EndProject
Global
	GlobalSection(SolutionConfigurationPlatforms) = preSolution
		Debug|Win32 = Debug|Win32
		Release|Win32 = Release|Win32
	EndGlobalSection
	GlobalSection(ProjectConfigurationPlatforms) = postSolution
		{7321C5FC-2A1E-43FE-9CF7-A1434E161FC9}.Debug|Win32.ActiveCfg = Debug|Win32
		{7321C5FC-2A1E-43FE-9CF7-A1434E161FC9}.Debug|Win32.Build.0 = Debug|Win32
		{7321C5FC-2A1E-43FE-9CF7-A1434E161FC9}.Release|Win32.ActiveCfg = Release|Win32
		{7321C5FC-2A1E-43FE-9CF7-A1434E161FC9}.Release|Win32.Build.0 = Release|Win32
	EndGlobalSection
	GlobalSection(SolutionProperties) = preSolution
		HideSolutionNode = FALSE
	EndGlobalSection
EndGlobal
